
Microsoft Visual Studio Solution File, Format Version 12.00
# Visual Studio Version 16
VisualStudioVersion = 16.0.31410.357
MinimumVisualStudioVersion = 10.0.40219.1
Project("{FAE04EC0-301F-11D3-BF4B-00C04F79EFBC}") = "RealEstates", "RealEstates\RealEstates.csproj", "{456E10AF-CE8D-4FE4-81C6-C692A5C511DF}"
EndProject
Global
	GlobalSection(SolutionConfigurationPlatforms) = preSolution
		Debug|Any CPU = Debug|Any CPU
		Release|Any CPU = Release|Any CPU
	EndGlobalSection
	GlobalSection(ProjectConfigurationPlatforms) = postSolution
		{456E10AF-CE8D-4FE4-81C6-C692A5C511DF}.Debug|Any CPU.ActiveCfg = Debug|Any CPU
		{456E10AF-CE8D-4FE4-81C6-C692A5C511DF}.Debug|Any CPU.Build.0 = Debug|Any CPU
		{456E10AF-CE8D-4FE4-81C6-C692A5C511DF}.Release|Any CPU.ActiveCfg = Release|Any CPU
		{456E10AF-CE8D-4FE4-81C6-C692A5C511DF}.Release|Any CPU.Build.0 = Release|Any CPU
	EndGlobalSection
	GlobalSection(SolutionProperties) = preSolution
		HideSolutionNode = FALSE
	EndGlobalSection
	GlobalSection(ExtensibilityGlobals) = postSolution
		SolutionGuid = {159E1A17-DBA0-4FF5-8374-83A906022B1E}
	EndGlobalSection
EndGlobal
